{
  "name": "node-red-contrib-rpi-433",
  "version": "1.2.3",
  "lockfileVersion": 1,
  "requires": true,
  "dependencies": {
    "q": {
      "version": "1.5.1",
      "resolved": "https://registry.npmjs.org/q/-/q-1.5.1.tgz",
      "integrity": "sha1-fjL3W0E4EpHQRhHxvxQQmsAGUdc="
    },
    "rpi-433-v3": {
      "version": "1.2.0",
      "resolved": "https://registry.npmjs.org/rpi-433-v3/-/rpi-433-v3-1.2.0.tgz",
      "integrity": "sha512-b6Iv5wyuJGxn/PmXw8/BmO/eq1VYPwP2AJA4/TKDwNVwSrRzrdb2ak0VAFp5GgObI+I0cCCVmwzeoq/EtSZJlA==",
      "requires": {
        "q": "^1.5.1",
        "underscore": "^1.9.1"
      }
    },
    "underscore": {
      "version": "1.10.2",
      "resolved": "https://registry.npmjs.org/underscore/-/underscore-1.10.2.tgz",
      "integrity": "sha512-N4P+Q/BuyuEKFJ43B9gYuOj4TQUHXX+j2FqguVOpjkssLUUrnJofCcBccJSCoeturDoZU6GorDTHSvUDlSQbTg=="
    }
  }
}
