{
  "name": "node-red-contrib-rpi-433",
  "version": "1.0.0",
  "lockfileVersion": 1,
  "requires": true,
  "dependencies": {
    "q": {
      "version": "1.5.1",
      "resolved": "https://registry.npmjs.org/q/-/q-1.5.1.tgz",
      "integrity": "sha1-fjL3W0E4EpHQRhHxvxQQmsAGUdc="
    },
    "rpi-433": {
      "version": "2.1.0",
      "resolved": "https://registry.npmjs.org/rpi-433/-/rpi-433-2.1.0.tgz",
      "integrity": "sha1-zyAVtpMHjDKPiGkyxq0iHJSptB0=",
      "requires": {
        "q": "^1.4.1",
        "underscore": "^1.8.3"
      }
    },
    "underscore": {
      "version": "1.10.2",
      "resolved": "https://registry.npmjs.org/underscore/-/underscore-1.10.2.tgz",
      "integrity": "sha512-N4P+Q/BuyuEKFJ43B9gYuOj4TQUHXX+j2FqguVOpjkssLUUrnJofCcBccJSCoeturDoZU6GorDTHSvUDlSQbTg=="
    }
  }
}
